
Microsoft Visual Studio Solution File, Format Version 12.00
# Visual Studio 14
VisualStudioVersion = 14.0.25420.1
MinimumVisualStudioVersion = 10.0.40219.1
Project("{FAE04EC0-301F-11D3-BF4B-00C04F79EFBC}") = "Expense-WebSite-MobileApp", "Expense-WebSite-MobileApp\Expense-WebSite-MobileApp.csproj", "{36929678-0819-478D-90D1-0F5785396FE7}"
EndProject
Project("{FAE04EC0-301F-11D3-BF4B-00C04F79EFBC}") = "Expense-WebSite-MobileApp.Tests", "Expense-WebSite-MobileApp.Tests\Expense-WebSite-MobileApp.Tests.csproj", "{D36A0FE1-5C67-480B-AC7C-D8510F82E37E}"
EndProject
Global
	GlobalSection(SolutionConfigurationPlatforms) = preSolution
		Debug|Any CPU = Debug|Any CPU
		Release|Any CPU = Release|Any CPU
	EndGlobalSection
	GlobalSection(ProjectConfigurationPlatforms) = postSolution
		{36929678-0819-478D-90D1-0F5785396FE7}.Debug|Any CPU.ActiveCfg = Debug|Any CPU
		{36929678-0819-478D-90D1-0F5785396FE7}.Debug|Any CPU.Build.0 = Debug|Any CPU
		{36929678-0819-478D-90D1-0F5785396FE7}.Release|Any CPU.ActiveCfg = Release|Any CPU
		{36929678-0819-478D-90D1-0F5785396FE7}.Release|Any CPU.Build.0 = Release|Any CPU
		{D36A0FE1-5C67-480B-AC7C-D8510F82E37E}.Debug|Any CPU.ActiveCfg = Debug|Any CPU
		{D36A0FE1-5C67-480B-AC7C-D8510F82E37E}.Debug|Any CPU.Build.0 = Debug|Any CPU
		{D36A0FE1-5C67-480B-AC7C-D8510F82E37E}.Release|Any CPU.ActiveCfg = Release|Any CPU
		{D36A0FE1-5C67-480B-AC7C-D8510F82E37E}.Release|Any CPU.Build.0 = Release|Any CPU
	EndGlobalSection
	GlobalSection(SolutionProperties) = preSolution
		HideSolutionNode = FALSE
	EndGlobalSection
EndGlobal
